{
  "version": 4,
  "terraform_version": "1.12.2",
  "serial": 149,
  "lineage": "1eb20ba8-aa5a-fcd6-9088-e1ef3b23e8fb",
  "outputs": {},
  "resources": [
    {
      "mode": "managed",
      "type": "local_file",
      "name": "pet",
      "provider": "provider[\"registry.terraform.io/hashicorp/local\"]",
      "instances": [
        {
          "schema_version": 0,
          "attributes": {
            "content": "6-blindly-internally-pleasantly-glorious-peacock",
            "content_base64": null,
            "content_base64sha256": "NWIU80C5267HBV28DB8R4aO1nxIYLqZLjFvrZdXuoNs=",
            "content_base64sha512": "1r4XCZo59LQbs2MiSBa1pA1i6Eonz6e+jg29IsFWvmaJwH+IvRtUR/ila01MpRy2aLdfVSykKcCWC22uJZ/mHQ==",
            "content_md5": "c66357153a4077dae3c9adee4944967f",
            "content_sha1": "9ff65ba32dc1c0056ab496a814a2c6513234a1b4",
            "content_sha256": "356214f340b9dbaec7055dbc0c1f11e1a3b59f12182ea64b8c5beb65d5eea0db",
            "content_sha512": "d6be17099a39f4b41bb363224816b5a40d62e84a27cfa7be8e0dbd22c156be6689c07f88bd1b5447f8a56b4d4ca51cb668b75f552ca429c0960b6dae259fe61d",
            "directory_permission": "0777",
            "file_permission": "0777",
            "filename": "map.txt",
            "id": "9ff65ba32dc1c0056ab496a814a2c6513234a1b4",
            "sensitive_content": null,
            "source": null
          },
          "sensitive_attributes": [
            [
              {
                "type": "get_attr",
                "value": "sensitive_content"
              }
            ]
          ],
          "identity_schema_version": 0,
          "dependencies": [
            "random_pet.my_new_petname"
          ]
        }
      ]
    },
    {
      "mode": "managed",
      "type": "random_pet",
      "name": "my_new_petname",
      "provider": "provider[\"registry.terraform.io/hashicorp/random\"]",
      "instances": [
        {
          "schema_version": 0,
          "attributes": {
            "id": "6-blindly-internally-pleasantly-glorious-peacock",
            "keepers": null,
            "length": 5,
            "prefix": "6",
            "separator": "-"
          },
          "sensitive_attributes": [],
          "identity_schema_version": 0
        }
      ]
    }
  ],
  "check_results": null
}
