{
  "version": 4,
  "terraform_version": "1.12.2",
  "serial": 9,
  "lineage": "f1af156e-e87a-af90-26e0-ca1a05644f6f",
  "outputs": {},
  "resources": [
    {
      "mode": "managed",
      "type": "local_file",
      "name": "source_file_copy",
      "provider": "provider[\"registry.terraform.io/hashicorp/local\"]",
      "instances": [
        {
          "schema_version": 0,
          "attributes": {
            "content": null,
            "content_base64": null,
            "content_base64sha256": "xVFikyvAg4gicAWxCWlq0ZTxZuDs1BnOGjbpTvYtenM=",
            "content_base64sha512": "6rRtIb01ZKrM1SXMn7Jx0VJDF1rGZfnsxrv8gVBlqy2jewXMQBR4isp1c3OJgrC7SFuHiBfy83/arKTHfZ/DHQ==",
            "content_md5": "6b549aad5b8d362bdd6cea617271a981",
            "content_sha1": "2c57131aa97038f78d5a9a96fee1fac8eb7a4345",
            "content_sha256": "c55162932bc08388227005b109696ad194f166e0ecd419ce1a36e94ef62d7a73",
            "content_sha512": "eab46d21bd3564aaccd525cc9fb271d15243175ac665f9ecc6bbfc815065ab2da37b05cc4014788aca7573738982b0bb485b878817f2f37fdaaca4c77d9fc31d",
            "directory_permission": "0777",
            "file_permission": "0777",
            "filename": "copy1.txt",
            "id": "2c57131aa97038f78d5a9a96fee1fac8eb7a4345",
            "sensitive_content": null,
            "source": "/workspaces/terraform-learning/learning/local.txt"
          },
          "sensitive_attributes": [
            [
              {
                "type": "get_attr",
                "value": "sensitive_content"
              }
            ]
          ],
          "identity_schema_version": 0
        }
      ]
    }
  ],
  "check_results": null
}
