{
  "version": 4,
  "terraform_version": "1.12.2",
  "serial": 33,
  "lineage": "f1af156e-e87a-af90-26e0-ca1a05644f6f",
  "outputs": {},
  "resources": [
    {
      "mode": "managed",
      "type": "local_file",
      "name": "content",
      "provider": "provider[\"registry.terraform.io/hashicorp/local\"]",
      "instances": [
        {
          "schema_version": 0,
          "attributes": {
            "content": "this info will be taken to the variable in content in first one",
            "content_base64": null,
            "content_base64sha256": "tWYsb3hrCI7cT6lAHJBTXfs7WqwMOV7ATBWyRCSmbR8=",
            "content_base64sha512": "k5g26+sxsDhcUv/au0Y+KkZ9PL3CeJowwtUV3hzo/tjdS/ApDM3+wHEWbRexYUdZrF2PS0h7Pa4VpHJaFIQ3+A==",
            "content_md5": "a5092076102cb2cc13320cdb7cf08921",
            "content_sha1": "300635c65e0ebdb770e8d6ddd9e0d09911c486b1",
            "content_sha256": "b5662c6f786b088edc4fa9401c90535dfb3b5aac0c395ec04c15b24424a66d1f",
            "content_sha512": "939836ebeb31b0385c52ffdabb463e2a467d3cbdc2789a30c2d515de1ce8fed8dd4bf0290ccdfec071166d17b1614759ac5d8f4b487b3dae15a4725a148437f8",
            "directory_permission": "0777",
            "file_permission": "0777",
            "filename": "test001.txt",
            "id": "300635c65e0ebdb770e8d6ddd9e0d09911c486b1",
            "sensitive_content": null,
            "source": null
          },
          "sensitive_attributes": [
            [
              {
                "type": "get_attr",
                "value": "sensitive_content"
              }
            ]
          ],
          "identity_schema_version": 0
        }
      ]
    },
    {
      "mode": "managed",
      "type": "local_file",
      "name": "number",
      "provider": "provider[\"registry.terraform.io/hashicorp/local\"]",
      "instances": [
        {
          "schema_version": 0,
          "attributes": {
            "content": "this info will be taken to the variable in content in first one",
            "content_base64": null,
            "content_base64sha256": "tWYsb3hrCI7cT6lAHJBTXfs7WqwMOV7ATBWyRCSmbR8=",
            "content_base64sha512": "k5g26+sxsDhcUv/au0Y+KkZ9PL3CeJowwtUV3hzo/tjdS/ApDM3+wHEWbRexYUdZrF2PS0h7Pa4VpHJaFIQ3+A==",
            "content_md5": "a5092076102cb2cc13320cdb7cf08921",
            "content_sha1": "300635c65e0ebdb770e8d6ddd9e0d09911c486b1",
            "content_sha256": "b5662c6f786b088edc4fa9401c90535dfb3b5aac0c395ec04c15b24424a66d1f",
            "content_sha512": "939836ebeb31b0385c52ffdabb463e2a467d3cbdc2789a30c2d515de1ce8fed8dd4bf0290ccdfec071166d17b1614759ac5d8f4b487b3dae15a4725a148437f8",
            "directory_permission": "0777",
            "file_permission": "0777",
            "filename": "test999.txt",
            "id": "300635c65e0ebdb770e8d6ddd9e0d09911c486b1",
            "sensitive_content": null,
            "source": null
          },
          "sensitive_attributes": [
            [
              {
                "type": "get_attr",
                "value": "sensitive_content"
              }
            ]
          ],
          "identity_schema_version": 0
        }
      ]
    }
  ],
  "check_results": null
}
