{
  "version": 4,
  "terraform_version": "1.12.2",
  "serial": 10,
  "lineage": "4ee23e26-e866-2242-a4de-fe09e665a271",
  "outputs": {},
  "resources": [
    {
      "mode": "managed",
      "type": "local_file",
      "name": "PublicIP",
      "provider": "provider[\"registry.terraform.io/hashicorp/local\"]",
      "instances": [
        {
          "schema_version": 0,
          "attributes": {
            "content": "true",
            "content_base64": null,
            "content_base64sha256": "tb6kG2xiP3wJ8b8k3K5Y66s8DN2QrZZrxDpFtEhn4Ss=",
            "content_base64sha512": "kSDNX67wegjpcf8CSj/L6h46a0QUKm2CyijGxC5PhSWVvPU9gdd28QVBBFq9t8N5UGKUFdDcZsjYbGSlYG0y3g==",
            "content_md5": "b326b5062b2f0e69046810717534cb09",
            "content_sha1": "5ffe533b830f08a0326348a9160afafc8ada44db",
            "content_sha256": "b5bea41b6c623f7c09f1bf24dcae58ebab3c0cdd90ad966bc43a45b44867e12b",
            "content_sha512": "9120cd5faef07a08e971ff024a3fcbea1e3a6b44142a6d82ca28c6c42e4f852595bcf53d81d776f10541045abdb7c37950629415d0dc66c8d86c64a5606d32de",
            "directory_permission": "0777",
            "file_permission": "0777",
            "filename": "publicip.txt",
            "id": "5ffe533b830f08a0326348a9160afafc8ada44db",
            "sensitive_content": null,
            "source": null
          },
          "sensitive_attributes": [
            [
              {
                "type": "get_attr",
                "value": "sensitive_content"
              }
            ]
          ],
          "identity_schema_version": 0
        }
      ]
    },
    {
      "mode": "managed",
      "type": "local_file",
      "name": "anyany",
      "provider": "provider[\"registry.terraform.io/hashicorp/local\"]",
      "instances": [
        {
          "schema_version": 0,
          "attributes": {
            "content": "string123",
            "content_base64": null,
            "content_base64sha256": "A2J5Wy7nI1s7TSjwaYqFNmcD6s8LpAhXlv/ZgNdlMzc=",
            "content_base64sha512": "tA9/q5EsCNwB8PkflIEW3IJWhjLz5y+uhHdYBvO3Q4bsDI/c4JZrmKH4qnK8T7MqqlNk+bDHG82fibeVlVD9gQ==",
            "content_md5": "787ca7e12a2fa991cea5051a64b49d0c",
            "content_sha1": "e75a4f4a0c85049a3db6141629b388a805118623",
            "content_sha256": "0362795b2ee7235b3b4d28f0698a85366703eacf0ba4085796ffd980d7653337",
            "content_sha512": "b40f7fab912c08dc01f0f91f948116dc82568632f3e72fae84775806f3b74386ec0c8fdce0966b98a1f8aa72bc4fb32aaa5364f9b0c71bcd9f89b7959550fd81",
            "directory_permission": "0777",
            "file_permission": "0777",
            "filename": "any.any.txt",
            "id": "e75a4f4a0c85049a3db6141629b388a805118623",
            "sensitive_content": null,
            "source": null
          },
          "sensitive_attributes": [
            [
              {
                "type": "get_attr",
                "value": "sensitive_content"
              }
            ]
          ],
          "identity_schema_version": 0
        }
      ]
    },
    {
      "mode": "managed",
      "type": "local_file",
      "name": "anybool",
      "provider": "provider[\"registry.terraform.io/hashicorp/local\"]",
      "instances": [
        {
          "schema_version": 0,
          "attributes": {
            "content": "true",
            "content_base64": null,
            "content_base64sha256": "tb6kG2xiP3wJ8b8k3K5Y66s8DN2QrZZrxDpFtEhn4Ss=",
            "content_base64sha512": "kSDNX67wegjpcf8CSj/L6h46a0QUKm2CyijGxC5PhSWVvPU9gdd28QVBBFq9t8N5UGKUFdDcZsjYbGSlYG0y3g==",
            "content_md5": "b326b5062b2f0e69046810717534cb09",
            "content_sha1": "5ffe533b830f08a0326348a9160afafc8ada44db",
            "content_sha256": "b5bea41b6c623f7c09f1bf24dcae58ebab3c0cdd90ad966bc43a45b44867e12b",
            "content_sha512": "9120cd5faef07a08e971ff024a3fcbea1e3a6b44142a6d82ca28c6c42e4f852595bcf53d81d776f10541045abdb7c37950629415d0dc66c8d86c64a5606d32de",
            "directory_permission": "0777",
            "file_permission": "0777",
            "filename": "any.bool.txt",
            "id": "5ffe533b830f08a0326348a9160afafc8ada44db",
            "sensitive_content": null,
            "source": null
          },
          "sensitive_attributes": [
            [
              {
                "type": "get_attr",
                "value": "sensitive_content"
              }
            ]
          ],
          "identity_schema_version": 0
        }
      ]
    },
    {
      "mode": "managed",
      "type": "local_file",
      "name": "anynumber",
      "provider": "provider[\"registry.terraform.io/hashicorp/local\"]",
      "instances": [
        {
          "schema_version": 0,
          "attributes": {
            "content": "123",
            "content_base64": null,
            "content_base64sha256": "pmWkWSBCL51Bfkhn79xPuKBKHz//H6B+mY6G9/eieuM=",
            "content_base64sha512": "PJkJr+wlNU1VHa4hWQuybjjVPyFzuNPcPu5MBH56scHri4UQPjvnumE7MbtcnDYhTcnxSkL9ei/bhIVrylxEwg==",
            "content_md5": "202cb962ac59075b964b07152d234b70",
            "content_sha1": "40bd001563085fc35165329ea1ff5c5ecbdbbeef",
            "content_sha256": "a665a45920422f9d417e4867efdc4fb8a04a1f3fff1fa07e998e86f7f7a27ae3",
            "content_sha512": "3c9909afec25354d551dae21590bb26e38d53f2173b8d3dc3eee4c047e7ab1c1eb8b85103e3be7ba613b31bb5c9c36214dc9f14a42fd7a2fdb84856bca5c44c2",
            "directory_permission": "0777",
            "file_permission": "0777",
            "filename": "any.number.txt",
            "id": "40bd001563085fc35165329ea1ff5c5ecbdbbeef",
            "sensitive_content": null,
            "source": null
          },
          "sensitive_attributes": [
            [
              {
                "type": "get_attr",
                "value": "sensitive_content"
              }
            ]
          ],
          "identity_schema_version": 0
        }
      ]
    },
    {
      "mode": "managed",
      "type": "local_file",
      "name": "anystring",
      "provider": "provider[\"registry.terraform.io/hashicorp/local\"]",
      "instances": [
        {
          "schema_version": 0,
          "attributes": {
            "content": "string_t2micro",
            "content_base64": null,
            "content_base64sha256": "hB8Y1Y88NYmt2tS5qbeGqPIMBfA77YPeb4MKDYiICgc=",
            "content_base64sha512": "62NKulxFkvGyDywq9L2fkeAoWMMvPyzPY31Hg1JOPMntKmEEjoDp1bbpUo6wJG2DasxSmpWaSvVED4EFcmP/QA==",
            "content_md5": "3668ce5b65ed0b99eea6c61ac9d49626",
            "content_sha1": "372b1286d9b5344b2acd8312934151e62d3297be",
            "content_sha256": "841f18d58f3c3589addad4b9a9b786a8f20c05f03bed83de6f830a0d88880a07",
            "content_sha512": "eb634aba5c4592f1b20f2c2af4bd9f91e02858c32f3f2ccf637d4783524e3cc9ed2a61048e80e9d5b6e9528eb0246d836acc529a959a4af5440f81057263ff40",
            "directory_permission": "0777",
            "file_permission": "0777",
            "filename": "any.string.txt",
            "id": "372b1286d9b5344b2acd8312934151e62d3297be",
            "sensitive_content": null,
            "source": null
          },
          "sensitive_attributes": [
            [
              {
                "type": "get_attr",
                "value": "sensitive_content"
              }
            ]
          ],
          "identity_schema_version": 0
        }
      ]
    },
    {
      "mode": "managed",
      "type": "local_file",
      "name": "name",
      "provider": "provider[\"registry.terraform.io/hashicorp/local\"]",
      "instances": [
        {
          "schema_version": 0,
          "attributes": {
            "content": "t2.micro",
            "content_base64": null,
            "content_base64sha256": "bjx4ndZVXJTsOw9afct+VPHrxfigqBYX2F1lCtuwoNI=",
            "content_base64sha512": "OhYAA2G5pe0/gzUtb17D6rtQdTajvAEmOS9utXuyaf/0H+YWy539X9+N2AYK50DILJxXAYODItF2toh6b+gEYQ==",
            "content_md5": "1d4f2c610dbeb44e7ba09fed19564c76",
            "content_sha1": "210d31866cdba46b52427bd188bc86fcae29a9cd",
            "content_sha256": "6e3c789dd6555c94ec3b0f5a7dcb7e54f1ebc5f8a0a81617d85d650adbb0a0d2",
            "content_sha512": "3a16000361b9a5ed3f83352d6f5ec3eabb507536a3bc0126392f6eb57bb269fff41fe616cb9dfd5fdf8dd8060ae740c82c9c5701838322d176b6887a6fe80461",
            "directory_permission": "0777",
            "file_permission": "0777",
            "filename": "ec2instance",
            "id": "210d31866cdba46b52427bd188bc86fcae29a9cd",
            "sensitive_content": null,
            "source": null
          },
          "sensitive_attributes": [
            [
              {
                "type": "get_attr",
                "value": "sensitive_content"
              }
            ]
          ],
          "identity_schema_version": 0
        }
      ]
    },
    {
      "mode": "managed",
      "type": "local_file",
      "name": "numer_ec2",
      "provider": "provider[\"registry.terraform.io/hashicorp/local\"]",
      "instances": [
        {
          "schema_version": 0,
          "attributes": {
            "content": "3",
            "content_base64": null,
            "content_base64sha256": "TgdAhWK+24tgzgXB3s/jrRa3IjCWfeAfZAt+Rym0n84=",
            "content_base64sha512": "O6+/CIgqLRATMJOhuEM/UFY7k8FKzQW3kCjrHRJ5kCckFFCYBlGZRQFCOmbCdq4mxDtzm8ZcThaxDDr2wgKuuw==",
            "content_md5": "eccbc87e4b5ce2fe28308fd9f2a7baf3",
            "content_sha1": "77de68daecd823babbb58edb1c8e14d7106e83bb",
            "content_sha256": "4e07408562bedb8b60ce05c1decfe3ad16b72230967de01f640b7e4729b49fce",
            "content_sha512": "3bafbf08882a2d10133093a1b8433f50563b93c14acd05b79028eb1d12799027241450980651994501423a66c276ae26c43b739bc65c4e16b10c3af6c202aebb",
            "directory_permission": "0777",
            "file_permission": "0777",
            "filename": "countofec2.txt",
            "id": "77de68daecd823babbb58edb1c8e14d7106e83bb",
            "sensitive_content": null,
            "source": null
          },
          "sensitive_attributes": [
            [
              {
                "type": "get_attr",
                "value": "sensitive_content"
              }
            ]
          ],
          "identity_schema_version": 0
        }
      ]
    }
  ],
  "check_results": null
}
