{
  "version": 4,
  "terraform_version": "1.12.2",
  "serial": 234,
  "lineage": "92777830-3c8e-a7dd-8627-c2a2d4613051",
  "outputs": {},
  "resources": [
    {
      "mode": "managed",
      "type": "azurerm_linux_virtual_machine",
      "name": "LINUX",
      "provider": "provider[\"registry.terraform.io/hashicorp/azurerm\"]",
      "instances": [
        {
          "index_key": 0,
          "schema_version": 0,
          "attributes": {
            "additional_capabilities": [],
            "admin_password": null,
            "admin_ssh_key": [
              {
                "public_key": "ssh-rsa AAAAB3NzaC1yc2EAAAADAQABAAACAQDmCl5h5pFz1HfaQyuSOODNWJ7YLyO6FsPVHZ8ZsVjDShkAAHhO7asq6I/nPVAmpQFKpE6Vec6YwM1R2JWie61O/x/DQgnaTeolJWHj4lpJsXCBYay5MJ/4Jkt08EqQX5TOhUXR1q7lwJ/BVe0O6lzGxFz7scNLl0pkKdKzABP5pZc88nH+jppuUisA9OypqZo2kB1R+3c9cZuuDZcYbbCC95g33tkb7NbXUG2cM9SpJsx/9NXuzKAieFhpDVrH5NJUtK2czP3b/18v7YmeyiRji/5mA0mJKabwkI5cQFCdk48LyeoQrDTf6snOyUs8Pi2PNWpelwFX7Z+l4lDG1NSS1RZfBU7Gg7nD1vYr9RFwxSXKpyK4C+ZVfVMx+489yQIBG6NqkFm2VTCR5zpFlB6M1J33slVorZCQgNSnbGzZzq8fUUKGDVshKSsFr7gYex617S+d4OuBM0xX/j34MQ0HiZo5j2QJXq36coiYlZBh5q9SrFV3m3oCBM+MYgezipGjyxqbwItzTrQTYMCE5yVLcluDbLP5Yz7Qx0XE/RsUNxS18U3IPjNagZlinDZgDpyBukTcerFJACs60Dx/HFVljS3OPUGX0BgijOtSZciRWp3HUfu+MTueTz5syFqq8JG7lT8DmUjzFO6wqI1foqIP7mBpippxVd86OwRzbT2doQ== azure_key\n",
                "username": "tej"
              }
            ],
            "admin_username": "tej",
            "allow_extension_operations": true,
            "availability_set_id": "",
            "boot_diagnostics": [],
            "bypass_platform_safety_checks_on_user_schedule_enabled": false,
            "capacity_reservation_group_id": "",
            "computer_name": "linux1",
            "custom_data": null,
            "dedicated_host_group_id": "",
            "dedicated_host_id": "",
            "disable_password_authentication": true,
            "disk_controller_type": "",
            "edge_zone": "",
            "encryption_at_host_enabled": false,
            "eviction_policy": "",
            "extensions_time_budget": "PT1H30M",
            "gallery_application": [],
            "id": "/subscriptions/2cd6d428-316d-4f0e-8101-006affa7efc1/resourceGroups/tej3/providers/Microsoft.Compute/virtualMachines/linux1",
            "identity": [],
            "license_type": "",
            "location": "japaneast",
            "max_bid_price": -1,
            "name": "linux1",
            "network_interface_ids": [
              "/subscriptions/2cd6d428-316d-4f0e-8101-006affa7efc1/resourceGroups/tej3/providers/Microsoft.Network/networkInterfaces/nic1"
            ],
            "os_disk": [
              {
                "caching": "ReadWrite",
                "diff_disk_settings": [],
                "disk_encryption_set_id": "",
                "disk_size_gb": 30,
                "id": "/subscriptions/2cd6d428-316d-4f0e-8101-006affa7efc1/resourceGroups/tej3/providers/Microsoft.Compute/disks/linux1_OsDisk_1_b7d380d789204a6bbfbce5136aeb3cc1",
                "name": "linux1_OsDisk_1_b7d380d789204a6bbfbce5136aeb3cc1",
                "secure_vm_disk_encryption_set_id": "",
                "security_encryption_type": "",
                "storage_account_type": "Standard_LRS",
                "write_accelerator_enabled": false
              }
            ],
            "os_image_notification": [],
            "patch_assessment_mode": "ImageDefault",
            "patch_mode": "ImageDefault",
            "plan": [],
            "platform_fault_domain": -1,
            "priority": "Regular",
            "private_ip_address": "10.1.0.4",
            "private_ip_addresses": [
              "10.1.0.4"
            ],
            "provision_vm_agent": true,
            "proximity_placement_group_id": "",
            "public_ip_address": "48.218.61.19",
            "public_ip_addresses": [
              "48.218.61.19"
            ],
            "reboot_setting": "",
            "resource_group_name": "tej3",
            "secret": [],
            "secure_boot_enabled": false,
            "size": "Standard_B1s",
            "source_image_id": "",
            "source_image_reference": [
              {
                "offer": "0001-com-ubuntu-server-jammy",
                "publisher": "canonical",
                "sku": "22_04-lts",
                "version": "latest"
              }
            ],
            "tags": {},
            "termination_notification": [],
            "timeouts": null,
            "user_data": "",
            "virtual_machine_id": "4243f6e6-6121-4f1a-823d-700f3ac31a98",
            "virtual_machine_scale_set_id": "",
            "vm_agent_platform_updates_enabled": false,
            "vtpm_enabled": false,
            "zone": ""
          },
          "sensitive_attributes": [
            [
              {
                "type": "get_attr",
                "value": "admin_password"
              }
            ],
            [
              {
                "type": "get_attr",
                "value": "custom_data"
              }
            ]
          ],
          "identity_schema_version": 0,
          "private": "eyJlMmJmYjczMC1lY2FhLTExZTYtOGY4OC0zNDM2M2JjN2M0YzAiOnsiY3JlYXRlIjoyNzAwMDAwMDAwMDAwLCJkZWxldGUiOjI3MDAwMDAwMDAwMDAsInJlYWQiOjMwMDAwMDAwMDAwMCwidXBkYXRlIjoyNzAwMDAwMDAwMDAwfX0=",
          "dependencies": [
            "azurerm_network_interface.NIC",
            "azurerm_public_ip.PUBLICIP",
            "azurerm_resource_group.RGNAME",
            "azurerm_subnet.SUBNET",
            "azurerm_virtual_network.VNET"
          ]
        }
      ]
    },
    {
      "mode": "managed",
      "type": "azurerm_network_interface",
      "name": "NIC",
      "provider": "provider[\"registry.terraform.io/hashicorp/azurerm\"]",
      "instances": [
        {
          "index_key": 0,
          "schema_version": 0,
          "attributes": {
            "accelerated_networking_enabled": false,
            "applied_dns_servers": [],
            "auxiliary_mode": "",
            "auxiliary_sku": "",
            "dns_servers": [],
            "edge_zone": "",
            "id": "/subscriptions/2cd6d428-316d-4f0e-8101-006affa7efc1/resourceGroups/tej3/providers/Microsoft.Network/networkInterfaces/nic1",
            "internal_dns_name_label": "",
            "internal_domain_name_suffix": "3cvak0ujbwieng2lsbxpjnvzah.lx.internal.cloudapp.net",
            "ip_configuration": [
              {
                "gateway_load_balancer_frontend_ip_configuration_id": "",
                "name": "ip1",
                "primary": true,
                "private_ip_address": "10.1.0.4",
                "private_ip_address_allocation": "Dynamic",
                "private_ip_address_version": "IPv4",
                "public_ip_address_id": "/subscriptions/2cd6d428-316d-4f0e-8101-006affa7efc1/resourceGroups/tej3/providers/Microsoft.Network/publicIPAddresses/ippublic0",
                "subnet_id": "/subscriptions/2cd6d428-316d-4f0e-8101-006affa7efc1/resourceGroups/tej3/providers/Microsoft.Network/virtualNetworks/Vnet1/subnets/subnet1"
              }
            ],
            "ip_forwarding_enabled": false,
            "location": "japaneast",
            "mac_address": "00-0D-3A-78-2B-C8",
            "name": "nic1",
            "private_ip_address": "10.1.0.4",
            "private_ip_addresses": [
              "10.1.0.4"
            ],
            "resource_group_name": "tej3",
            "tags": {},
            "timeouts": null,
            "virtual_machine_id": "/subscriptions/2cd6d428-316d-4f0e-8101-006affa7efc1/resourceGroups/tej3/providers/Microsoft.Compute/virtualMachines/linux1"
          },
          "sensitive_attributes": [],
          "identity_schema_version": 0,
          "identity": {
            "name": "nic1",
            "resource_group_name": "tej3",
            "subscription_id": "2cd6d428-316d-4f0e-8101-006affa7efc1"
          },
          "private": "eyJlMmJmYjczMC1lY2FhLTExZTYtOGY4OC0zNDM2M2JjN2M0YzAiOnsiY3JlYXRlIjoxODAwMDAwMDAwMDAwLCJkZWxldGUiOjE4MDAwMDAwMDAwMDAsInJlYWQiOjMwMDAwMDAwMDAwMCwidXBkYXRlIjoxODAwMDAwMDAwMDAwfX0=",
          "dependencies": [
            "azurerm_public_ip.PUBLICIP",
            "azurerm_resource_group.RGNAME",
            "azurerm_subnet.SUBNET",
            "azurerm_virtual_network.VNET"
          ]
        }
      ]
    },
    {
      "mode": "managed",
      "type": "azurerm_network_interface_security_group_association",
      "name": "nic_nsg",
      "provider": "provider[\"registry.terraform.io/hashicorp/azurerm\"]",
      "instances": [
        {
          "index_key": 0,
          "schema_version": 0,
          "attributes": {
            "id": "/subscriptions/2cd6d428-316d-4f0e-8101-006affa7efc1/resourceGroups/tej3/providers/Microsoft.Network/networkInterfaces/nic1|/subscriptions/2cd6d428-316d-4f0e-8101-006affa7efc1/resourceGroups/tej3/providers/Microsoft.Network/networkSecurityGroups/nsg1",
            "network_interface_id": "/subscriptions/2cd6d428-316d-4f0e-8101-006affa7efc1/resourceGroups/tej3/providers/Microsoft.Network/networkInterfaces/nic1",
            "network_security_group_id": "/subscriptions/2cd6d428-316d-4f0e-8101-006affa7efc1/resourceGroups/tej3/providers/Microsoft.Network/networkSecurityGroups/nsg1",
            "timeouts": null
          },
          "sensitive_attributes": [],
          "identity_schema_version": 0,
          "private": "eyJlMmJmYjczMC1lY2FhLTExZTYtOGY4OC0zNDM2M2JjN2M0YzAiOnsiY3JlYXRlIjoxODAwMDAwMDAwMDAwLCJkZWxldGUiOjE4MDAwMDAwMDAwMDAsInJlYWQiOjMwMDAwMDAwMDAwMH19",
          "dependencies": [
            "azurerm_network_interface.NIC",
            "azurerm_network_security_group.NSG",
            "azurerm_public_ip.PUBLICIP",
            "azurerm_resource_group.RGNAME",
            "azurerm_subnet.SUBNET",
            "azurerm_virtual_network.VNET"
          ]
        }
      ]
    },
    {
      "mode": "managed",
      "type": "azurerm_network_security_group",
      "name": "NSG",
      "provider": "provider[\"registry.terraform.io/hashicorp/azurerm\"]",
      "instances": [
        {
          "index_key": 0,
          "schema_version": 0,
          "attributes": {
            "id": "/subscriptions/2cd6d428-316d-4f0e-8101-006affa7efc1/resourceGroups/tej3/providers/Microsoft.Network/networkSecurityGroups/nsg1",
            "location": "japaneast",
            "name": "nsg1",
            "resource_group_name": "tej3",
            "security_rule": [
              {
                "access": "Allow",
                "description": "",
                "destination_address_prefix": "*",
                "destination_address_prefixes": [],
                "destination_application_security_group_ids": [],
                "destination_port_range": "22",
                "destination_port_ranges": [],
                "direction": "Inbound",
                "name": "ssh",
                "priority": 100,
                "protocol": "Tcp",
                "source_address_prefix": "*",
                "source_address_prefixes": [],
                "source_application_security_group_ids": [],
                "source_port_range": "*",
                "source_port_ranges": []
              },
              {
                "access": "Allow",
                "description": "",
                "destination_address_prefix": "*",
                "destination_address_prefixes": [],
                "destination_application_security_group_ids": [],
                "destination_port_range": "8080",
                "destination_port_ranges": [],
                "direction": "Inbound",
                "name": "AllowAnyCustom8080Inbound",
                "priority": 110,
                "protocol": "*",
                "source_address_prefix": "*",
                "source_address_prefixes": [],
                "source_application_security_group_ids": [],
                "source_port_range": "*",
                "source_port_ranges": []
              }
            ],
            "tags": {},
            "timeouts": null
          },
          "sensitive_attributes": [],
          "identity_schema_version": 0,
          "identity": {
            "name": "nsg1",
            "resource_group_name": "tej3",
            "subscription_id": "2cd6d428-316d-4f0e-8101-006affa7efc1"
          },
          "private": "eyJlMmJmYjczMC1lY2FhLTExZTYtOGY4OC0zNDM2M2JjN2M0YzAiOnsiY3JlYXRlIjoxODAwMDAwMDAwMDAwLCJkZWxldGUiOjE4MDAwMDAwMDAwMDAsInJlYWQiOjMwMDAwMDAwMDAwMCwidXBkYXRlIjoxODAwMDAwMDAwMDAwfX0=",
          "dependencies": [
            "azurerm_resource_group.RGNAME"
          ]
        }
      ]
    },
    {
      "mode": "managed",
      "type": "azurerm_public_ip",
      "name": "PUBLICIP",
      "provider": "provider[\"registry.terraform.io/hashicorp/azurerm\"]",
      "instances": [
        {
          "index_key": 0,
          "schema_version": 0,
          "attributes": {
            "allocation_method": "Static",
            "ddos_protection_mode": "VirtualNetworkInherited",
            "ddos_protection_plan_id": null,
            "domain_name_label": null,
            "domain_name_label_scope": null,
            "edge_zone": "",
            "fqdn": null,
            "id": "/subscriptions/2cd6d428-316d-4f0e-8101-006affa7efc1/resourceGroups/tej3/providers/Microsoft.Network/publicIPAddresses/ippublic0",
            "idle_timeout_in_minutes": 4,
            "ip_address": "48.218.61.19",
            "ip_tags": {},
            "ip_version": "IPv4",
            "location": "japaneast",
            "name": "ippublic0",
            "public_ip_prefix_id": null,
            "resource_group_name": "tej3",
            "reverse_fqdn": null,
            "sku": "Standard",
            "sku_tier": "Regional",
            "tags": {},
            "timeouts": null,
            "zones": []
          },
          "sensitive_attributes": [],
          "identity_schema_version": 0,
          "private": "eyJlMmJmYjczMC1lY2FhLTExZTYtOGY4OC0zNDM2M2JjN2M0YzAiOnsiY3JlYXRlIjoxODAwMDAwMDAwMDAwLCJkZWxldGUiOjE4MDAwMDAwMDAwMDAsInJlYWQiOjMwMDAwMDAwMDAwMCwidXBkYXRlIjoxODAwMDAwMDAwMDAwfX0=",
          "dependencies": [
            "azurerm_resource_group.RGNAME"
          ]
        }
      ]
    },
    {
      "mode": "managed",
      "type": "azurerm_resource_group",
      "name": "RGNAME",
      "provider": "provider[\"registry.terraform.io/hashicorp/azurerm\"]",
      "instances": [
        {
          "schema_version": 0,
          "attributes": {
            "id": "/subscriptions/2cd6d428-316d-4f0e-8101-006affa7efc1/resourceGroups/tej3",
            "location": "japaneast",
            "managed_by": "",
            "name": "tej3",
            "tags": {},
            "timeouts": null
          },
          "sensitive_attributes": [],
          "identity_schema_version": 0,
          "private": "eyJlMmJmYjczMC1lY2FhLTExZTYtOGY4OC0zNDM2M2JjN2M0YzAiOnsiY3JlYXRlIjo1NDAwMDAwMDAwMDAwLCJkZWxldGUiOjU0MDAwMDAwMDAwMDAsInJlYWQiOjMwMDAwMDAwMDAwMCwidXBkYXRlIjo1NDAwMDAwMDAwMDAwfX0="
        }
      ]
    },
    {
      "mode": "managed",
      "type": "azurerm_subnet",
      "name": "SUBNET",
      "provider": "provider[\"registry.terraform.io/hashicorp/azurerm\"]",
      "instances": [
        {
          "index_key": 0,
          "schema_version": 0,
          "attributes": {
            "address_prefixes": [
              "10.1.0.0/24"
            ],
            "default_outbound_access_enabled": true,
            "delegation": [],
            "id": "/subscriptions/2cd6d428-316d-4f0e-8101-006affa7efc1/resourceGroups/tej3/providers/Microsoft.Network/virtualNetworks/Vnet1/subnets/subnet1",
            "name": "subnet1",
            "private_endpoint_network_policies": "Disabled",
            "private_link_service_network_policies_enabled": true,
            "resource_group_name": "tej3",
            "service_endpoint_policy_ids": [],
            "service_endpoints": [],
            "timeouts": null,
            "virtual_network_name": "Vnet1"
          },
          "sensitive_attributes": [],
          "identity_schema_version": 0,
          "identity": {
            "name": "subnet1",
            "resource_group_name": "tej3",
            "subscription_id": "2cd6d428-316d-4f0e-8101-006affa7efc1",
            "virtual_network_name": "Vnet1"
          },
          "private": "eyJlMmJmYjczMC1lY2FhLTExZTYtOGY4OC0zNDM2M2JjN2M0YzAiOnsiY3JlYXRlIjoxODAwMDAwMDAwMDAwLCJkZWxldGUiOjE4MDAwMDAwMDAwMDAsInJlYWQiOjMwMDAwMDAwMDAwMCwidXBkYXRlIjoxODAwMDAwMDAwMDAwfX0=",
          "dependencies": [
            "azurerm_resource_group.RGNAME",
            "azurerm_virtual_network.VNET"
          ]
        }
      ]
    },
    {
      "mode": "managed",
      "type": "azurerm_virtual_network",
      "name": "VNET",
      "provider": "provider[\"registry.terraform.io/hashicorp/azurerm\"]",
      "instances": [
        {
          "index_key": 0,
          "schema_version": 0,
          "attributes": {
            "address_space": [
              "10.1.0.0/16"
            ],
            "bgp_community": "",
            "ddos_protection_plan": [],
            "dns_servers": [],
            "edge_zone": "",
            "encryption": [],
            "flow_timeout_in_minutes": 0,
            "guid": "6a05aae8-0d89-4690-9b8b-906ef4b6b907",
            "id": "/subscriptions/2cd6d428-316d-4f0e-8101-006affa7efc1/resourceGroups/tej3/providers/Microsoft.Network/virtualNetworks/Vnet1",
            "ip_address_pool": [],
            "location": "japaneast",
            "name": "Vnet1",
            "private_endpoint_vnet_policies": "Disabled",
            "resource_group_name": "tej3",
            "subnet": [
              {
                "address_prefixes": [
                  "10.1.0.0/24"
                ],
                "default_outbound_access_enabled": true,
                "delegation": [],
                "id": "/subscriptions/2cd6d428-316d-4f0e-8101-006affa7efc1/resourceGroups/tej3/providers/Microsoft.Network/virtualNetworks/Vnet1/subnets/subnet1",
                "name": "subnet1",
                "private_endpoint_network_policies": "Disabled",
                "private_link_service_network_policies_enabled": true,
                "route_table_id": "",
                "security_group": "",
                "service_endpoint_policy_ids": [],
                "service_endpoints": []
              }
            ],
            "tags": {},
            "timeouts": null
          },
          "sensitive_attributes": [],
          "identity_schema_version": 0,
          "identity": {
            "name": "Vnet1",
            "resource_group_name": "tej3",
            "subscription_id": "2cd6d428-316d-4f0e-8101-006affa7efc1"
          },
          "private": "eyJlMmJmYjczMC1lY2FhLTExZTYtOGY4OC0zNDM2M2JjN2M0YzAiOnsiY3JlYXRlIjoxODAwMDAwMDAwMDAwLCJkZWxldGUiOjE4MDAwMDAwMDAwMDAsInJlYWQiOjMwMDAwMDAwMDAwMCwidXBkYXRlIjoxODAwMDAwMDAwMDAwfX0=",
          "dependencies": [
            "azurerm_resource_group.RGNAME"
          ]
        }
      ]
    }
  ],
  "check_results": null
}
