{
  "version": 4,
  "terraform_version": "1.12.2",
  "serial": 13,
  "lineage": "1eb20ba8-aa5a-fcd6-9088-e1ef3b23e8fb",
  "outputs": {},
  "resources": [
    {
      "mode": "managed",
      "type": "local_file",
      "name": "Azurefiles",
      "provider": "provider[\"registry.terraform.io/hashicorp/local\"]",
      "instances": [
        {
          "schema_version": 0,
          "attributes": {
            "content": "b747fe67a1b690ba",
            "content_base64": null,
            "content_base64sha256": "/7exQBlb+4bnYmeLyPiVKFFbrFJqVr8d7Z2jYJ5ofn8=",
            "content_base64sha512": "3FYljaLQBePZbIlVWsk2OkhpZ8NS+TJdEBV4Ys4P3a2yCzbh5KN1mHsGJJjnbDUIiu02vrBImNTIGZj0urLLnw==",
            "content_md5": "3a646c081eb78f2792fa0a8b138ea288",
            "content_sha1": "c6ecb11af474c8934baaf05d64003db203850ce7",
            "content_sha256": "ffb7b140195bfb86e762678bc8f89528515bac526a56bf1ded9da3609e687e7f",
            "content_sha512": "dc56258da2d005e3d96c89555ac9363a486967c352f9325d10157862ce0fddadb20b36e1e4a375987b062498e76c35088aed36beb04898d4c81998f4bab2cb9f",
            "directory_permission": "0777",
            "file_permission": "0777",
            "filename": "random_id.txt",
            "id": "c6ecb11af474c8934baaf05d64003db203850ce7",
            "sensitive_content": null,
            "source": null
          },
          "sensitive_attributes": [
            [
              {
                "type": "get_attr",
                "value": "sensitive_content"
              }
            ]
          ],
          "identity_schema_version": 0,
          "dependencies": [
            "random_id.azureserver"
          ]
        }
      ]
    },
    {
      "mode": "managed",
      "type": "random_id",
      "name": "azureserver",
      "provider": "provider[\"registry.terraform.io/hashicorp/random\"]",
      "instances": [
        {
          "schema_version": 0,
          "attributes": {
            "b64_std": "t0f+Z6G2kLo=",
            "b64_url": "t0f-Z6G2kLo",
            "byte_length": 8,
            "dec": "13206804153335451834",
            "hex": "b747fe67a1b690ba",
            "id": "t0f-Z6G2kLo",
            "keepers": null,
            "prefix": null
          },
          "sensitive_attributes": [],
          "identity_schema_version": 0
        }
      ]
    }
  ],
  "check_results": null
}
