{
  "version": 4,
  "terraform_version": "1.12.2",
  "serial": 135,
  "lineage": "1eb20ba8-aa5a-fcd6-9088-e1ef3b23e8fb",
  "outputs": {},
  "resources": [
    {
      "mode": "managed",
      "type": "local_file",
      "name": "pet",
      "provider": "provider[\"registry.terraform.io/hashicorp/local\"]",
      "instances": [
        {
          "schema_version": 0,
          "attributes": {
            "content": "6-extremely-unlikely-just-labrador",
            "content_base64": null,
            "content_base64sha256": "I8V4vedqgqeVIjrnOmB8fTxMLZErRlwS6homIrvKnpI=",
            "content_base64sha512": "ysxCHcfzS0zkwkavJWVz49q1jWoAeEAXHb59e3PO2V3vxcOBfNN8gh8ItaB7WqIa7ll4fT6Rz9/WBK+7C5rsIQ==",
            "content_md5": "37ed9a792815414cfaff4ab67b0142d9",
            "content_sha1": "aeba0ae06121fa1ea5b0a18069cc7c2d94d4d905",
            "content_sha256": "23c578bde76a82a795223ae73a607c7d3c4c2d912b465c12ea1a2622bbca9e92",
            "content_sha512": "cacc421dc7f34b4ce4c246af256573e3dab58d6a007840171dbe7d7b73ced95defc5c3817cd37c821f08b5a07b5aa21aee59787d3e91cfdfd604afbb0b9aec21",
            "directory_permission": "0777",
            "file_permission": "0777",
            "filename": "tuples.txt",
            "id": "aeba0ae06121fa1ea5b0a18069cc7c2d94d4d905",
            "sensitive_content": null,
            "source": null
          },
          "sensitive_attributes": [
            [
              {
                "type": "get_attr",
                "value": "sensitive_content"
              }
            ]
          ],
          "identity_schema_version": 0,
          "dependencies": [
            "random_pet.my_new_petname"
          ]
        }
      ]
    },
    {
      "mode": "managed",
      "type": "random_pet",
      "name": "my_new_petname",
      "provider": "provider[\"registry.terraform.io/hashicorp/random\"]",
      "instances": [
        {
          "schema_version": 0,
          "attributes": {
            "id": "6-extremely-unlikely-just-labrador",
            "keepers": null,
            "length": 4,
            "prefix": "6",
            "separator": "-"
          },
          "sensitive_attributes": [],
          "identity_schema_version": 0
        }
      ]
    }
  ],
  "check_results": null
}
