{
  "version": 4,
  "terraform_version": "1.12.2",
  "serial": 67,
  "lineage": "1eb20ba8-aa5a-fcd6-9088-e1ef3b23e8fb",
  "outputs": {},
  "resources": [
    {
      "mode": "managed",
      "type": "local_file",
      "name": "adding_id2",
      "provider": "provider[\"registry.terraform.io/hashicorp/local\"]",
      "instances": [
        {
          "schema_version": 0,
          "attributes": {
            "content": "$1d0555213dc7de1611e43",
            "content_base64": null,
            "content_base64sha256": "LQxsouEJzWP92NzIuebdQBCbbXDW0TZXlUVz/vgGyxo=",
            "content_base64sha512": "0yIWeanjgQnzT8YJx3EZa/MlcffAysRhIw/GWqf6QqFzNxEP5A77uQ4jXZC3FXkiCXrpaeS0VVQRmurb4m+DRg==",
            "content_md5": "4fbe7228c10e249ad18f6b378d04baac",
            "content_sha1": "f1bb0f6853318b01a5acca70f61de1a1776cba61",
            "content_sha256": "2d0c6ca2e109cd63fdd8dcc8b9e6dd40109b6d70d6d13657954573fef806cb1a",
            "content_sha512": "d3221679a9e38109f34fc609c771196bf32571f7c0cac461230fc65aa7fa42a17337110fe40efbb90e235d90b7157922097ae969e4b45554119aeadbe26f8346",
            "directory_permission": "0777",
            "file_permission": "0777",
            "filename": "id2.txt",
            "id": "f1bb0f6853318b01a5acca70f61de1a1776cba61",
            "sensitive_content": null,
            "source": null
          },
          "sensitive_attributes": [
            [
              {
                "type": "get_attr",
                "value": "sensitive_content"
              }
            ]
          ],
          "identity_schema_version": 0,
          "dependencies": [
            "random_id.ids"
          ]
        }
      ]
    },
    {
      "mode": "managed",
      "type": "local_file",
      "name": "adding_ids",
      "provider": "provider[\"registry.terraform.io/hashicorp/local\"]",
      "instances": [
        {
          "schema_version": 0,
          "attributes": {
            "content": "d0555213dc7de1611e43",
            "content_base64": null,
            "content_base64sha256": "NcSE/90NwnPYk1yj0bsRoosCWPmhUpiWl1BVt7FIvak=",
            "content_base64sha512": "3gHB4rF5w6DLsfcsCLwu2VLuACkIi4T6Y9FoxG66Y3fDbL/Joaqs7TUql5RYJJX6qv4JNDN6y3vlH6azyG0ejg==",
            "content_md5": "7eb8332f45ba3a62e1d29be45c9d73e5",
            "content_sha1": "1c92e94103d7e5ba3b41b244e8d8cbc51446d55e",
            "content_sha256": "35c484ffdd0dc273d8935ca3d1bb11a28b0258f9a1529896975055b7b148bda9",
            "content_sha512": "de01c1e2b179c3a0cbb1f72c08bc2ed952ee0029088b84fa63d168c46eba6377c36cbfc9a1aaaced352a9794582495faaafe0934337acb7be51fa6b3c86d1e8e",
            "directory_permission": "0777",
            "file_permission": "0777",
            "filename": "id1.txt",
            "id": "1c92e94103d7e5ba3b41b244e8d8cbc51446d55e",
            "sensitive_content": null,
            "source": null
          },
          "sensitive_attributes": [
            [
              {
                "type": "get_attr",
                "value": "sensitive_content"
              }
            ]
          ],
          "identity_schema_version": 0,
          "dependencies": [
            "random_id.ids"
          ]
        }
      ]
    },
    {
      "mode": "managed",
      "type": "local_file",
      "name": "adding_ids3",
      "provider": "provider[\"registry.terraform.io/hashicorp/local\"]",
      "instances": [
        {
          "schema_version": 0,
          "attributes": {
            "content": "2d0555213dc7de1611e43",
            "content_base64": null,
            "content_base64sha256": "XPke9Gh9nDh8UdJcJAaM6e401q0F+gIIeLXTqjgzEVQ=",
            "content_base64sha512": "5Eny4zUNEGfI18XgUAEsTN1Ixz5WbMxCPLXLfKNUge0EpU0XW8wxgoVCgf3kPlkWP3xzeG6nGUCicYRLAKEIjA==",
            "content_md5": "d0262921efde9aeb49f5f678d25ce007",
            "content_sha1": "9859372336eb746222d502178f37503cbf675107",
            "content_sha256": "5cf91ef4687d9c387c51d25c24068ce9ee34d6ad05fa020878b5d3aa38331154",
            "content_sha512": "e449f2e3350d1067c8d7c5e050012c4cdd48c73e566ccc423cb5cb7ca35481ed04a54d175bcc3182854281fde43e59163f7c73786ea71940a271844b00a1088c",
            "directory_permission": "0777",
            "file_permission": "0777",
            "filename": "id3.txt",
            "id": "9859372336eb746222d502178f37503cbf675107",
            "sensitive_content": null,
            "source": null
          },
          "sensitive_attributes": [
            [
              {
                "type": "get_attr",
                "value": "sensitive_content"
              }
            ]
          ],
          "identity_schema_version": 0,
          "dependencies": [
            "random_id.ids"
          ]
        }
      ]
    },
    {
      "mode": "managed",
      "type": "local_file",
      "name": "adding_ids4",
      "provider": "provider[\"registry.terraform.io/hashicorp/local\"]",
      "instances": [
        {
          "schema_version": 0,
          "attributes": {
            "content": "3d0555213dc7de1611e43",
            "content_base64": null,
            "content_base64sha256": "hpnPcy2Ts5O6w8nS4AezzuXp5nW9SSw6wJ77KNGla1k=",
            "content_base64sha512": "R0Yrit2c4nWjENeedrbGRTsVI36n5tBCb5RsFjykPSUaVPzxSlM9ZAdxPI9OMhrVOl8UpL1b2OinfkPK4v2QMA==",
            "content_md5": "ae317d0960f20f47195763919c374f7a",
            "content_sha1": "092b21e2f58f1622d3be9a3fb357cbbee7569460",
            "content_sha256": "8699cf732d93b393bac3c9d2e007b3cee5e9e675bd492c3ac09efb28d1a56b59",
            "content_sha512": "47462b8add9ce275a310d79e76b6c6453b15237ea7e6d0426f946c163ca43d251a54fcf14a533d6407713c8f4e321ad53a5f14a4bd5bd8e8a77e43cae2fd9030",
            "directory_permission": "0777",
            "file_permission": "0777",
            "filename": "id4.txt",
            "id": "092b21e2f58f1622d3be9a3fb357cbbee7569460",
            "sensitive_content": null,
            "source": null
          },
          "sensitive_attributes": [
            [
              {
                "type": "get_attr",
                "value": "sensitive_content"
              }
            ]
          ],
          "identity_schema_version": 0,
          "dependencies": [
            "random_id.ids"
          ]
        }
      ]
    },
    {
      "mode": "managed",
      "type": "local_file",
      "name": "adding_ids5",
      "provider": "provider[\"registry.terraform.io/hashicorp/local\"]",
      "instances": [
        {
          "schema_version": 0,
          "attributes": {
            "content": "4d0555213dc7de1611e43",
            "content_base64": null,
            "content_base64sha256": "xzASqf5Ira5nYZ19ZM6EYWsvbrdAZAzl5CKMJdj/wtw=",
            "content_base64sha512": "gJbvUr5qoFhgUpyYHsUtNWYuRQnD6sef55OUs8fOXCoLZdpWmNiJsSpBsujtF6hbskmLrJfxmask8luuOxDY1A==",
            "content_md5": "f69fdc376c12fadde6d08bc38163078d",
            "content_sha1": "7ce8c0a652cc2df8975939b70bc57373b68287a5",
            "content_sha256": "c73012a9fe48adae67619d7d64ce84616b2f6eb740640ce5e4228c25d8ffc2dc",
            "content_sha512": "8096ef52be6aa05860529c981ec52d35662e4509c3eac79fe79394b3c7ce5c2a0b65da5698d889b12a41b2e8ed17a85bb2498bac97f199ab24f25bae3b10d8d4",
            "directory_permission": "0777",
            "file_permission": "0777",
            "filename": "id5.txt",
            "id": "7ce8c0a652cc2df8975939b70bc57373b68287a5",
            "sensitive_content": null,
            "source": null
          },
          "sensitive_attributes": [
            [
              {
                "type": "get_attr",
                "value": "sensitive_content"
              }
            ]
          ],
          "identity_schema_version": 0,
          "dependencies": [
            "random_id.ids"
          ]
        }
      ]
    },
    {
      "mode": "managed",
      "type": "random_id",
      "name": "ids",
      "provider": "provider[\"registry.terraform.io/hashicorp/random\"]",
      "instances": [
        {
          "schema_version": 0,
          "attributes": {
            "b64_std": "0FVSE9x94WEeQw==",
            "b64_url": "0FVSE9x94WEeQw",
            "byte_length": 10,
            "dec": "983826115996320394190403",
            "hex": "d0555213dc7de1611e43",
            "id": "0FVSE9x94WEeQw",
            "keepers": null,
            "prefix": null
          },
          "sensitive_attributes": [],
          "identity_schema_version": 0
        }
      ]
    }
  ],
  "check_results": null
}
